// !$*UTF8*$!
{
	archiveVersion = 1;
	classes = {
	};
	objectVersion = 46;
	objects = {

/* Begin PBXBuildFile section */
		A042782D1E2EECC200D1C504 /* AppDelegate.swift in Sources */ = {isa = PBXBuildFile; fileRef = A042782C1E2EECC200D1C504 /* AppDelegate.swift */; };
		A042782F1E2EECC200D1C504 /* ViewController.swift in Sources */ = {isa = PBXBuildFile; fileRef = A042782E1E2EECC200D1C504 /* ViewController.swift */; };
		A04278321E2EECC200D1C504 /* Main.storyboard in Resources */ = {isa = PBXBuildFile; fileRef = A04278301E2EECC200D1C504 /* Main.storyboard */; };
		A04278341E2EECC200D1C504 /* Assets.xcassets in Resources */ = {isa = PBXBuildFile; fileRef = A04278331E2EECC200D1C504 /* Assets.xcassets */; };
		A04278371E2EECC200D1C504 /* LaunchScreen.storyboard in Resources */ = {isa = PBXBuildFile; fileRef = A04278351E2EECC200D1C504 /* LaunchScreen.storyboard */; };
		A04278421E2EECC200D1C504 /* CaculatorTests.swift in Sources */ = {isa = PBXBuildFile; fileRef = A04278411E2EECC200D1C504 /* CaculatorTests.swift */; };
/* End PBXBuildFile section */

/* Begin PBXContainerItemProxy section */
		A042783E1E2EECC200D1C504 /* PBXContainerItemProxy */ = {
			isa = PBXContainerItemProxy;
			containerPortal = A04278211E2EECC100D1C504 /* Project object */;
			proxyType = 1;
			remoteGlobalIDString = A04278281E2EECC200D1C504;
			remoteInfo = Caculator;
		};
/* End PBXContainerItemProxy section */

/* Begin PBXFileReference section */
		A04278291E2EECC200D1C504 /* Caculator.app */ = {isa = PBXFileReference; explicitFileType = wrapper.application; includeInIndex = 0; path = Caculator.app; sourceTree = BUILT_PRODUCTS_DIR; };
		A042782C1E2EECC200D1C504 /* AppDelegate.swift */ = {isa = PBXFileReference; lastKnownFileType = sourcecode.swift; path = AppDelegate.swift; sourceTree = "<group>"; };
		A042782E1E2EECC200D1C504 /* ViewController.swift */ = {isa = PBXFileReference; lastKnownFileType = sourcecode.swift; path = ViewController.swift; sourceTree = "<group>"; };
		A04278311E2EECC200D1C504 /* Base */ = {isa = PBXFileReference; lastKnownFileType = file.storyboard; name = Base; path = Base.lproj/Main.storyboard; sourceTree = "<group>"; };
		A04278331E2EECC200D1C504 /* Assets.xcassets */ = {isa = PBXFileReference; lastKnownFileType = folder.assetcatalog; path = Assets.xcassets; sourceTree = "<group>"; };
		A04278361E2EECC200D1C504 /* Base */ = {isa = PBXFileReference; lastKnownFileType = file.storyboard; name = Base; path = Base.lproj/LaunchScreen.storyboard; sourceTree = "<group>"; };
		A04278381E2EECC200D1C504 /* Info.plist */ = {isa = PBXFileReference; lastKnownFileType = text.plist.xml; path = Info.plist; sourceTree = "<group>"; };
		A042783D1E2EECC200D1C504 /* CaculatorTests.xctest */ = {isa = PBXFileReference; explicitFileType = wrapper.cfbundle; includeInIndex = 0; path = CaculatorTests.xctest; sourceTree = BUILT_PRODUCTS_DIR; };
		A04278411E2EECC200D1C504 /* CaculatorTests.swift */ = {isa = PBXFileReference; lastKnownFileType = sourcecode.swift; path = CaculatorTests.swift; sourceTree = "<group>"; };
		A04278431E2EECC200D1C504 /* Info.plist */ = {isa = PBXFileReference; lastKnownFileType = text.plist.xml; path = Info.plist; sourceTree = "<group>"; };
/* End PBXFileReference section */

/* Begin PBXFrameworksBuildPhase section */
		A04278261E2EECC200D1C504 /* Frameworks */ = {
			isa = PBXFrameworksBuildPhase;
			buildActionMask = 2147483647;
			files = (
			);
			runOnlyForDeploymentPostprocessing = 0;
		};
		A042783A1E2EECC200D1C504 /* Frameworks */ = {
			isa = PBXFrameworksBuildPhase;
			buildActionMask = 2147483647;
			files = (
			);
			runOnlyForDeploymentPostprocessing = 0;
		};
/* End PBXFrameworksBuildPhase section */

/* Begin PBXGroup section */
		A04278201E2EECC100D1C504 = {
			isa = PBXGroup;
			children = (
				A042782B1E2EECC200D1C504 /* Caculator */,
				A04278401E2EECC200D1C504 /* CaculatorTests */,
				A042782A1E2EECC200D1C504 /* Products */,
			);
			sourceTree = "<group>";
		};
		A042782A1E2EECC200D1C504 /* Products */ = {
			isa = PBXGroup;
			children = (
				A04278291E2EECC200D1C504 /* Caculator.app */,
				A042783D1E2EECC200D1C504 /* CaculatorTests.xctest */,
			);
			name = Products;
			sourceTree = "<group>";
		};
		A042782B1E2EECC200D1C504 /* Caculator */ = {
			isa = PBXGroup;
			children = (
				A042782C1E2EECC200D1C504 /* AppDelegate.swift */,
				A042782E1E2EECC200D1C504 /* ViewController.swift */,
				A04278301E2EECC200D1C504 /* Main.storyboard */,
				A04278331E2EECC200D1C504 /* Assets.xcassets */,
				A04278351E2EECC200D1C504 /* LaunchScreen.storyboard */,
				A04278381E2EECC200D1C504 /* Info.plist */,
			);
			path = Caculator;
			sourceTree = "<group>";
		};
		A04278401E2EECC200D1C504 /* CaculatorTests */ = {
			isa = PBXGroup;
			children = (
				A04278411E2EECC200D1C504 /* CaculatorTests.swift */,
				A04278431E2EECC200D1C504 /* Info.plist */,
			);
			path = CaculatorTests;
			sourceTree = "<group>";
		};
/* End PBXGroup section */

/* Begin PBXNativeTarget section */
		A04278281E2EECC200D1C504 /* Caculator */ = {
			isa = PBXNativeTarget;
			buildConfigurationList = A04278461E2EECC200D1C504 /* Build configuration list for PBXNativeTarget "Caculator" */;
			buildPhases = (
				A04278251E2EECC200D1C504 /* Sources */,
				A04278261E2EECC200D1C504 /* Frameworks */,
				A04278271E2EECC200D1C504 /* Resources */,
			);
			buildRules = (
			);
			dependencies = (
			);
			name = Caculator;
			productName = Caculator;
			productReference = A04278291E2EECC200D1C504 /* Caculator.app */;
			productType = "com.apple.product-type.application";
		};
		A042783C1E2EECC200D1C504 /* CaculatorTests */ = {
			isa = PBXNativeTarget;
			buildConfigurationList = A04278491E2EECC200D1C504 /* Build configuration list for PBXNativeTarget "CaculatorTests" */;
			buildPhases = (
				A04278391E2EECC200D1C504 /* Sources */,
				A042783A1E2EECC200D1C504 /* Frameworks */,
				A042783B1E2EECC200D1C504 /* Resources */,
			);
			buildRules = (
			);
			dependencies = (
				A042783F1E2EECC200D1C504 /* PBXTargetDependency */,
			);
			name = CaculatorTests;
			productName = CaculatorTests;
			productReference = A042783D1E2EECC200D1C504 /* CaculatorTests.xctest */;
			productType = "com.apple.product-type.bundle.unit-test";
		};
/* End PBXNativeTarget section */

/* Begin PBXProject section */
		A04278211E2EECC100D1C504 /* Project object */ = {
			isa = PBXProject;
			attributes = {
				LastSwiftUpdateCheck = 0820;
				LastUpgradeCheck = 0820;
				ORGANIZATIONNAME = luis;
				TargetAttributes = {
					A04278281E2EECC200D1C504 = {
						CreatedOnToolsVersion = 8.2.1;
						DevelopmentTeam = 4Z42C6E4Z4;
						ProvisioningStyle = Automatic;
					};
					A042783C1E2EECC200D1C504 = {
						CreatedOnToolsVersion = 8.2.1;
						DevelopmentTeam = 4Z42C6E4Z4;
						ProvisioningStyle = Automatic;
						TestTargetID = A04278281E2EECC200D1C504;
					};
				};
			};
			buildConfigurationList = A04278241E2EECC100D1C504 /* Build configuration list for PBXProject "Caculator" */;
			compatibilityVersion = "Xcode 3.2";
			developmentRegion = English;
			hasScannedForEncodings = 0;
			knownRegions = (
				en,
				Base,
			);
			mainGroup = A04278201E2EECC100D1C504;
			productRefGroup = A042782A1E2EECC200D1C504 /* Products */;
			projectDirPath = "";
			projectRoot = "";
			targets = (
				A04278281E2EECC200D1C504 /* Caculator */,
				A042783C1E2EECC200D1C504 /* CaculatorTests */,
			);
		};
/* End PBXProject section */

/* Begin PBXResourcesBuildPhase section */
		A04278271E2EECC200D1C504 /* Resources */ = {
			isa = PBXResourcesBuildPhase;
			buildActionMask = 2147483647;
			files = (
				A04278371E2EECC200D1C504 /* LaunchScreen.storyboard in Resources */,
				A04278341E2EECC200D1C504 /* Assets.xcassets in Resources */,
				A04278321E2EECC200D1C504 /* Main.storyboard in Resources */,
			);
			runOnlyForDeploymentPostprocessing = 0;
		};
		A042783B1E2EECC200D1C504 /* Resources */ = {
			isa = PBXResourcesBuildPhase;
			buildActionMask = 2147483647;
			files = (
			);
			runOnlyForDeploymentPostprocessing = 0;
		};
/* End PBXResourcesBuildPhase section */

/* Begin PBXSourcesBuildPhase section */
		A04278251E2EECC200D1C504 /* Sources */ = {
			isa = PBXSourcesBuildPhase;
			buildActionMask = 2147483647;
			files = (
				A042782F1E2EECC200D1C504 /* ViewController.swift in Sources */,
				A042782D1E2EECC200D1C504 /* AppDelegate.swift in Sources */,
			);
			runOnlyForDeploymentPostprocessing = 0;
		};
		A04278391E2EECC200D1C504 /* Sources */ = {
			isa = PBXSourcesBuildPhase;
			buildActionMask = 2147483647;
			files = (
				A04278421E2EECC200D1C504 /* CaculatorTests.swift in Sources */,
			);
			runOnlyForDeploymentPostprocessing = 0;
		};
/* End PBXSourcesBuildPhase section */

/* Begin PBXTargetDependency section */
		A042783F1E2EECC200D1C504 /* PBXTargetDependency */ = {
			isa = PBXTargetDependency;
			target = A04278281E2EECC200D1C504 /* Caculator */;
			targetProxy = A042783E1E2EECC200D1C504 /* PBXContainerItemProxy */;
		};
/* End PBXTargetDependency section */

/* Begin PBXVariantGroup section */
		A04278301E2EECC200D1C504 /* Main.storyboard */ = {
			isa = PBXVariantGroup;
			children = (
				A04278311E2EECC200D1C504 /* Base */,
			);
			name = Main.storyboard;
			sourceTree = "<group>";
		};
		A04278351E2EECC200D1C504 /* LaunchScreen.storyboard */ = {
			isa = PBXVariantGroup;
			children = (
				A04278361E2EECC200D1C504 /* Base */,
			);
			name = LaunchScreen.storyboard;
			sourceTree = "<group>";
		};
/* End PBXVariantGroup section */

/* Begin XCBuildConfiguration section */
		A04278441E2EECC200D1C504 /* Debug */ = {
			isa = XCBuildConfiguration;
			buildSettings = {
				ALWAYS_SEARCH_USER_PATHS = NO;
				CLANG_ANALYZER_NONNULL = YES;
				CLANG_CXX_LANGUAGE_STANDARD = "gnu++0x";
				CLANG_CXX_LIBRARY = "libc++";
				CLANG_ENABLE_MODULES = YES;
				CLANG_ENABLE_OBJC_ARC = YES;
				CLANG_WARN_BOOL_CONVERSION = YES;
				CLANG_WARN_CONSTANT_CONVERSION = YES;
				CLANG_WARN_DIRECT_OBJC_ISA_USAGE = YES_ERROR;
				CLANG_WARN_DOCUMENTATION_COMMENTS = YES;
				CLANG_WARN_EMPTY_BODY = YES;
				CLANG_WARN_ENUM_CONVERSION = YES;
				CLANG_WARN_INFINITE_RECURSION = YES;
				CLANG_WARN_INT_CONVERSION = YES;
				CLANG_WARN_OBJC_ROOT_CLASS = YES_ERROR;
				CLANG_WARN_SUSPICIOUS_MOVE = YES;
				CLANG_WARN_UNREACHABLE_CODE = YES;
				CLANG_WARN__DUPLICATE_METHOD_MATCH = YES;
				"CODE_SIGN_IDENTITY[sdk=iphoneos*]" = "iPhone Developer";
				COPY_PHASE_STRIP = NO;
				DEBUG_INFORMATION_FORMAT = dwarf;
				ENABLE_STRICT_OBJC_MSGSEND = YES;
				ENABLE_TESTABILITY = YES;
				GCC_C_LANGUAGE_STANDARD = gnu99;
				GCC_DYNAMIC_NO_PIC = NO;
				GCC_NO_COMMON_BLOCKS = YES;
				GCC_OPTIMIZATION_LEVEL = 0;
				GCC_PREPROCESSOR_DEFINITIONS = (
					"DEBUG=1",
					"$(inherited)",
				);
				GCC_WARN_64_TO_32_BIT_CONVERSION = YES;
				GCC_WARN_ABOUT_RETURN_TYPE = YES_ERROR;
				GCC_WARN_UNDECLARED_SELECTOR = YES;
				GCC_WARN_UNINITIALIZED_AUTOS = YES_AGGRESSIVE;
				GCC_WARN_UNUSED_FUNCTION = YES;
				GCC_WARN_UNUSED_VARIABLE = YES;
				IPHONEOS_DEPLOYMENT_TARGET = 10.2;
				MTL_ENABLE_DEBUG_INFO = YES;
				ONLY_ACTIVE_ARCH = YES;
				SDKROOT = iphoneos;
				SWIFT_ACTIVE_COMPILATION_CONDITIONS = DEBUG;
				SWIFT_OPTIMIZATION_LEVEL = "-Onone";
				TARGETED_DEVICE_FAMILY = "1,2";
			};
			name = Debug;
		};
		A04278451E2EECC200D1C504 /* Release */ = {
			isa = XCBuildConfiguration;
			buildSettings = {
				ALWAYS_SEARCH_USER_PATHS = NO;
				CLANG_ANALYZER_NONNULL = YES;
				CLANG_CXX_LANGUAGE_STANDARD = "gnu++0x";
				CLANG_CXX_LIBRARY = "libc++";
				CLANG_ENABLE_MODULES = YES;
				CLANG_ENABLE_OBJC_ARC = YES;
				CLANG_WARN_BOOL_CONVERSION = YES;
				CLANG_WARN_CONSTANT_CONVERSION = YES;
				CLANG_WARN_DIRECT_OBJC_ISA_USAGE = YES_ERROR;
				CLANG_WARN_DOCUMENTATION_COMMENTS = YES;
				CLANG_WARN_EMPTY_BODY = YES;
				CLANG_WARN_ENUM_CONVERSION = YES;
				CLANG_WARN_INFINITE_RECURSION = YES;
				CLANG_WARN_INT_CONVERSION = YES;
				CLANG_WARN_OBJC_ROOT_CLASS = YES_ERROR;
				CLANG_WARN_SUSPICIOUS_MOVE = YES;
				CLANG_WARN_UNREACHABLE_CODE = YES;
				CLANG_WARN__DUPLICATE_METHOD_MATCH = YES;
				"CODE_SIGN_IDENTITY[sdk=iphoneos*]" = "iPhone Developer";
				COPY_PHASE_STRIP = NO;
				DEBUG_INFORMATION_FORMAT = "dwarf-with-dsym";
				ENABLE_NS_ASSERTIONS = NO;
				ENABLE_STRICT_OBJC_MSGSEND = YES;
				GCC_C_LANGUAGE_STANDARD = gnu99;
				GCC_NO_COMMON_BLOCKS = YES;
				GCC_WARN_64_TO_32_BIT_CONVERSION = YES;
				GCC_WARN_ABOUT_RETURN_TYPE = YES_ERROR;
				GCC_WARN_UNDECLARED_SELECTOR = YES;
				GCC_WARN_UNINITIALIZED_AUTOS = YES_AGGRESSIVE;
				GCC_WARN_UNUSED_FUNCTION = YES;
				GCC_WARN_UNUSED_VARIABLE = YES;
				IPHONEOS_DEPLOYMENT_TARGET = 10.2;
				MTL_ENABLE_DEBUG_INFO = NO;
				SDKROOT = iphoneos;
				SWIFT_OPTIMIZATION_LEVEL = "-Owholemodule";
				TARGETED_DEVICE_FAMILY = "1,2";
				VALIDATE_PRODUCT = YES;
			};
			name = Release;
		};
		A04278471E2EECC200D1C504 /* Debug */ = {
			isa = XCBuildConfiguration;
			buildSettings = {
				ASSETCATALOG_COMPILER_APPICON_NAME = AppIcon;
				DEVELOPMENT_TEAM = 4Z42C6E4Z4;
				INFOPLIST_FILE = Caculator/Info.plist;
				LD_RUNPATH_SEARCH_PATHS = "$(inherited) @executable_path/Frameworks";
				PRODUCT_BUNDLE_IDENTIFIER = luisesquivel.com.Caculator;
				PRODUCT_NAME = "$(TARGET_NAME)";
				SWIFT_VERSION = 3.0;
			};
			name = Debug;
		};
		A04278481E2EECC200D1C504 /* Release */ = {
			isa = XCBuildConfiguration;
			buildSettings = {
				ASSETCATALOG_COMPILER_APPICON_NAME = AppIcon;
				DEVELOPMENT_TEAM = 4Z42C6E4Z4;
				INFOPLIST_FILE = Caculator/Info.plist;
				LD_RUNPATH_SEARCH_PATHS = "$(inherited) @executable_path/Frameworks";
				PRODUCT_BUNDLE_IDENTIFIER = luisesquivel.com.Caculator;
				PRODUCT_NAME = "$(TARGET_NAME)";
				SWIFT_VERSION = 3.0;
			};
			name = Release;
		};
		A042784A1E2EECC200D1C504 /* Debug */ = {
			isa = XCBuildConfiguration;
			buildSettings = {
				ALWAYS_EMBED_SWIFT_STANDARD_LIBRARIES = YES;
				BUNDLE_LOADER = "$(TEST_HOST)";
				DEVELOPMENT_TEAM = 4Z42C6E4Z4;
				INFOPLIST_FILE = CaculatorTests/Info.plist;
				LD_RUNPATH_SEARCH_PATHS = "$(inherited) @executable_path/Frameworks @loader_path/Frameworks";
				PRODUCT_BUNDLE_IDENTIFIER = luisesquivel.com.CaculatorTests;
				PRODUCT_NAME = "$(TARGET_NAME)";
				SWIFT_VERSION = 3.0;
				TEST_HOST = "$(BUILT_PRODUCTS_DIR)/Caculator.app/Caculator";
			};
			name = Debug;
		};
		A042784B1E2EECC200D1C504 /* Release */ = {
			isa = XCBuildConfiguration;
			buildSettings = {
				ALWAYS_EMBED_SWIFT_STANDARD_LIBRARIES = YES;
				BUNDLE_LOADER = "$(TEST_HOST)";
				DEVELOPMENT_TEAM = 4Z42C6E4Z4;
				INFOPLIST_FILE = CaculatorTests/Info.plist;
				LD_RUNPATH_SEARCH_PATHS = "$(inherited) @executable_path/Frameworks @loader_path/Frameworks";
				PRODUCT_BUNDLE_IDENTIFIER = luisesquivel.com.CaculatorTests;
				PRODUCT_NAME = "$(TARGET_NAME)";
				SWIFT_VERSION = 3.0;
				TEST_HOST = "$(BUILT_PRODUCTS_DIR)/Caculator.app/Caculator";
			};
			name = Release;
		};
/* End XCBuildConfiguration section */

/* Begin XCConfigurationList section */
		A04278241E2EECC100D1C504 /* Build configuration list for PBXProject "Caculator" */ = {
			isa = XCConfigurationList;
			buildConfigurations = (
				A04278441E2EECC200D1C504 /* Debug */,
				A04278451E2EECC200D1C504 /* Release */,
			);
			defaultConfigurationIsVisible = 0;
			defaultConfigurationName = Release;
		};
		A04278461E2EECC200D1C504 /* Build configuration list for PBXNativeTarget "Caculator" */ = {
			isa = XCConfigurationList;
			buildConfigurations = (
				A04278471E2EECC200D1C504 /* Debug */,
				A04278481E2EECC200D1C504 /* Release */,
			);
			defaultConfigurationIsVisible = 0;
		};
		A04278491E2EECC200D1C504 /* Build configuration list for PBXNativeTarget "CaculatorTests" */ = {
			isa = XCConfigurationList;
			buildConfigurations = (
				A042784A1E2EECC200D1C504 /* Debug */,
				A042784B1E2EECC200D1C504 /* Release */,
			);
			defaultConfigurationIsVisible = 0;
		};
/* End XCConfigurationList section */
	};
	rootObject = A04278211E2EECC100D1C504 /* Project object */;
}
